// !$*UTF8*$!
{
	archiveVersion = 1;
	classes = {
	};
	objectVersion = 56;
	objects = {

/* Begin PBXBuildFile section */
		9502E791292B5CF00060BECF /* LoginImage.swift in Sources */ = {isa = PBXBuildFile; fileRef = 9502E790292B5CF00060BECF /* LoginImage.swift */; };
		9502E793292B5D470060BECF /* LoginButton.swift in Sources */ = {isa = PBXBuildFile; fileRef = 9502E792292B5D470060BECF /* LoginButton.swift */; };
		9502E795292B5D6D0060BECF /* CustomInputField.swift in Sources */ = {isa = PBXBuildFile; fileRef = 9502E794292B5D6D0060BECF /* CustomInputField.swift */; };
		9502E797292B5DF10060BECF /* CheckBox.swift in Sources */ = {isa = PBXBuildFile; fileRef = 9502E796292B5DF10060BECF /* CheckBox.swift */; };
		9502E799292B5E390060BECF /* PillButton.swift in Sources */ = {isa = PBXBuildFile; fileRef = 9502E798292B5E390060BECF /* PillButton.swift */; };
		9502E79B292B5E5B0060BECF /* CancelButton.swift in Sources */ = {isa = PBXBuildFile; fileRef = 9502E79A292B5E5B0060BECF /* CancelButton.swift */; };
		9502E79D292B5E7E0060BECF /* CustomMapView.swift in Sources */ = {isa = PBXBuildFile; fileRef = 9502E79C292B5E7D0060BECF /* CustomMapView.swift */; };
		9502E7A2292B62E50060BECF /* AuthViewModel.swift in Sources */ = {isa = PBXBuildFile; fileRef = 9502E7A1292B62E50060BECF /* AuthViewModel.swift */; };
		9502E7A4292B63090060BECF /* KeychainHelper.swift in Sources */ = {isa = PBXBuildFile; fileRef = 9502E7A3292B63090060BECF /* KeychainHelper.swift */; };
		9502E7A6292B633A0060BECF /* LoginView.swift in Sources */ = {isa = PBXBuildFile; fileRef = 9502E7A5292B633A0060BECF /* LoginView.swift */; };
		9502E7A8292B63770060BECF /* ServiceAcceptFeature.swift in Sources */ = {isa = PBXBuildFile; fileRef = 9502E7A7292B63770060BECF /* ServiceAcceptFeature.swift */; };
		9502E7AA292B63940060BECF /* ServiceAcceptView.swift in Sources */ = {isa = PBXBuildFile; fileRef = 9502E7A9292B63940060BECF /* ServiceAcceptView.swift */; };
		9502E7AC292B63BC0060BECF /* Color.swift in Sources */ = {isa = PBXBuildFile; fileRef = 9502E7AB292B63BC0060BECF /* Color.swift */; };
		9502E7AE292B63D90060BECF /* DismissKeyboard.swift in Sources */ = {isa = PBXBuildFile; fileRef = 9502E7AD292B63D90060BECF /* DismissKeyboard.swift */; };
		9502E7B0292B64200060BECF /* WebService.swift in Sources */ = {isa = PBXBuildFile; fileRef = 9502E7AF292B64200060BECF /* WebService.swift */; };
		9502E7B2292B64C00060BECF /* WebSocketClient.swift in Sources */ = {isa = PBXBuildFile; fileRef = 9502E7B1292B64C00060BECF /* WebSocketClient.swift */; };
		9502E7B6292B65120060BECF /* APIError.swift in Sources */ = {isa = PBXBuildFile; fileRef = 9502E7B5292B65120060BECF /* APIError.swift */; };
		9502E7CB292B65580060BECF /* OFL.txt in Resources */ = {isa = PBXBuildFile; fileRef = 9502E7B7292B65570060BECF /* OFL.txt */; };
		9502E7CC292B65580060BECF /* Poppins-ExtraLight.ttf in Resources */ = {isa = PBXBuildFile; fileRef = 9502E7B8292B65570060BECF /* Poppins-ExtraLight.ttf */; };
		9502E7CD292B65580060BECF /* Poppins-Thin.ttf in Resources */ = {isa = PBXBuildFile; fileRef = 9502E7B9292B65570060BECF /* Poppins-Thin.ttf */; };
		9502E7CE292B65580060BECF /* Poppins-LightItalic.ttf in Resources */ = {isa = PBXBuildFile; fileRef = 9502E7BA292B65570060BECF /* Poppins-LightItalic.ttf */; };
		9502E7CF292B65580060BECF /* Poppins-ExtraLightItalic.ttf in Resources */ = {isa = PBXBuildFile; fileRef = 9502E7BB292B65570060BECF /* Poppins-ExtraLightItalic.ttf */; };
		9502E7D0292B65580060BECF /* Poppins-Black.ttf in Resources */ = {isa = PBXBuildFile; fileRef = 9502E7BC292B65570060BECF /* Poppins-Black.ttf */; };
		9502E7D1292B65580060BECF /* Poppins-ExtraBoldItalic.ttf in Resources */ = {isa = PBXBuildFile; fileRef = 9502E7BD292B65570060BECF /* Poppins-ExtraBoldItalic.ttf */; };
		9502E7D2292B65580060BECF /* FontsManager.swift in Sources */ = {isa = PBXBuildFile; fileRef = 9502E7BE292B65580060BECF /* FontsManager.swift */; };
		9502E7D3292B65580060BECF /* Poppins-BoldItalic.ttf in Resources */ = {isa = PBXBuildFile; fileRef = 9502E7BF292B65580060BECF /* Poppins-BoldItalic.ttf */; };
		9502E7D4292B65580060BECF /* Poppins-Regular.ttf in Resources */ = {isa = PBXBuildFile; fileRef = 9502E7C0292B65580060BECF /* Poppins-Regular.ttf */; };
		9502E7D5292B65580060BECF /* Poppins-SemiBoldItalic.ttf in Resources */ = {isa = PBXBuildFile; fileRef = 9502E7C1292B65580060BECF /* Poppins-SemiBoldItalic.ttf */; };
		9502E7D6292B65580060BECF /* Poppins-BlackItalic.ttf in Resources */ = {isa = PBXBuildFile; fileRef = 9502E7C2292B65580060BECF /* Poppins-BlackItalic.ttf */; };
		9502E7D7292B65580060BECF /* Poppins-Light.ttf in Resources */ = {isa = PBXBuildFile; fileRef = 9502E7C3292B65580060BECF /* Poppins-Light.ttf */; };
		9502E7D8292B65580060BECF /* Poppins-Bold.ttf in Resources */ = {isa = PBXBuildFile; fileRef = 9502E7C4292B65580060BECF /* Poppins-Bold.ttf */; };
		9502E7D9292B65580060BECF /* Poppins-MediumItalic.ttf in Resources */ = {isa = PBXBuildFile; fileRef = 9502E7C5292B65580060BECF /* Poppins-MediumItalic.ttf */; };
		9502E7DA292B65580060BECF /* Poppins-Italic.ttf in Resources */ = {isa = PBXBuildFile; fileRef = 9502E7C6292B65580060BECF /* Poppins-Italic.ttf */; };
		9502E7DB292B65580060BECF /* Poppins-Medium.ttf in Resources */ = {isa = PBXBuildFile; fileRef = 9502E7C7292B65580060BECF /* Poppins-Medium.ttf */; };
		9502E7DC292B65580060BECF /* Poppins-ExtraBold.ttf in Resources */ = {isa = PBXBuildFile; fileRef = 9502E7C8292B65580060BECF /* Poppins-ExtraBold.ttf */; };
		9502E7DD292B65580060BECF /* Poppins-SemiBold.ttf in Resources */ = {isa = PBXBuildFile; fileRef = 9502E7C9292B65580060BECF /* Poppins-SemiBold.ttf */; };
		9502E7DE292B65580060BECF /* Poppins-ThinItalic.ttf in Resources */ = {isa = PBXBuildFile; fileRef = 9502E7CA292B65580060BECF /* Poppins-ThinItalic.ttf */; };
		9502E7E1292B71D10060BECF /* HomeScreenFeature.swift in Sources */ = {isa = PBXBuildFile; fileRef = 9502E7E0292B71D10060BECF /* HomeScreenFeature.swift */; };
		9502E7E3292B72430060BECF /* SideMenuView.swift in Sources */ = {isa = PBXBuildFile; fileRef = 9502E7E2292B72430060BECF /* SideMenuView.swift */; };
		9502E7E5292B725B0060BECF /* SideMenuFeature.swift in Sources */ = {isa = PBXBuildFile; fileRef = 9502E7E4292B725B0060BECF /* SideMenuFeature.swift */; };
		9502E7E7292B9A190060BECF /* AcceptRejectButton.swift in Sources */ = {isa = PBXBuildFile; fileRef = 9502E7E6292B9A190060BECF /* AcceptRejectButton.swift */; };
		95732102292CF79400EEE0C7 /* MapFeature.swift in Sources */ = {isa = PBXBuildFile; fileRef = 95732101292CF79400EEE0C7 /* MapFeature.swift */; };
		95872AB52930C3FE0084FC15 /* MapboxCoreNavigation in Frameworks */ = {isa = PBXBuildFile; productRef = 95872AB42930C3FE0084FC15 /* MapboxCoreNavigation */; };
		95872AB72930C3FE0084FC15 /* MapboxNavigation in Frameworks */ = {isa = PBXBuildFile; productRef = 95872AB62930C3FE0084FC15 /* MapboxNavigation */; };
		959684AB292B529A002B58A2 /* AthenaSecurityApp.swift in Sources */ = {isa = PBXBuildFile; fileRef = 959684AA292B529A002B58A2 /* AthenaSecurityApp.swift */; };
		959684AD292B529A002B58A2 /* HomeScreenView.swift in Sources */ = {isa = PBXBuildFile; fileRef = 959684AC292B529A002B58A2 /* HomeScreenView.swift */; };
		959684AF292B529B002B58A2 /* Assets.xcassets in Resources */ = {isa = PBXBuildFile; fileRef = 959684AE292B529B002B58A2 /* Assets.xcassets */; };
		959684B2292B529B002B58A2 /* Preview Assets.xcassets in Resources */ = {isa = PBXBuildFile; fileRef = 959684B1292B529B002B58A2 /* Preview Assets.xcassets */; };
		959684C0292B55D9002B58A2 /* MapboxMaps in Frameworks */ = {isa = PBXBuildFile; productRef = 959684BF292B55D9002B58A2 /* MapboxMaps */; };
		B3763FAA292BC1650091F593 /* ComposableArchitecture in Frameworks */ = {isa = PBXBuildFile; productRef = B3763FA9292BC1650091F593 /* ComposableArchitecture */; };
		B3763FAC292BC1650091F593 /* Dependencies in Frameworks */ = {isa = PBXBuildFile; productRef = B3763FAB292BC1650091F593 /* Dependencies */; };
		B3763FAE292BCC0A0091F593 /* EmergencyModel.swift in Sources */ = {isa = PBXBuildFile; fileRef = B3763FAD292BCC0A0091F593 /* EmergencyModel.swift */; };
/* End PBXBuildFile section */

/* Begin PBXFileReference section */
		9502E790292B5CF00060BECF /* LoginImage.swift */ = {isa = PBXFileReference; lastKnownFileType = sourcecode.swift; path = LoginImage.swift; sourceTree = "<group>"; };
		9502E792292B5D470060BECF /* LoginButton.swift */ = {isa = PBXFileReference; lastKnownFileType = sourcecode.swift; path = LoginButton.swift; sourceTree = "<group>"; };
		9502E794292B5D6D0060BECF /* CustomInputField.swift */ = {isa = PBXFileReference; lastKnownFileType = sourcecode.swift; path = CustomInputField.swift; sourceTree = "<group>"; };
		9502E796292B5DF10060BECF /* CheckBox.swift */ = {isa = PBXFileReference; lastKnownFileType = sourcecode.swift; path = CheckBox.swift; sourceTree = "<group>"; };
		9502E798292B5E390060BECF /* PillButton.swift */ = {isa = PBXFileReference; lastKnownFileType = sourcecode.swift; path = PillButton.swift; sourceTree = "<group>"; };
		9502E79A292B5E5B0060BECF /* CancelButton.swift */ = {isa = PBXFileReference; lastKnownFileType = sourcecode.swift; path = CancelButton.swift; sourceTree = "<group>"; };
		9502E79C292B5E7D0060BECF /* CustomMapView.swift */ = {isa = PBXFileReference; lastKnownFileType = sourcecode.swift; path = CustomMapView.swift; sourceTree = "<group>"; };
		9502E7A1292B62E50060BECF /* AuthViewModel.swift */ = {isa = PBXFileReference; lastKnownFileType = sourcecode.swift; path = AuthViewModel.swift; sourceTree = "<group>"; };
		9502E7A3292B63090060BECF /* KeychainHelper.swift */ = {isa = PBXFileReference; lastKnownFileType = sourcecode.swift; path = KeychainHelper.swift; sourceTree = "<group>"; };
		9502E7A5292B633A0060BECF /* LoginView.swift */ = {isa = PBXFileReference; lastKnownFileType = sourcecode.swift; path = LoginView.swift; sourceTree = "<group>"; };
		9502E7A7292B63770060BECF /* ServiceAcceptFeature.swift */ = {isa = PBXFileReference; lastKnownFileType = sourcecode.swift; path = ServiceAcceptFeature.swift; sourceTree = "<group>"; };
		9502E7A9292B63940060BECF /* ServiceAcceptView.swift */ = {isa = PBXFileReference; lastKnownFileType = sourcecode.swift; path = ServiceAcceptView.swift; sourceTree = "<group>"; };
		9502E7AB292B63BC0060BECF /* Color.swift */ = {isa = PBXFileReference; lastKnownFileType = sourcecode.swift; path = Color.swift; sourceTree = "<group>"; };
		9502E7AD292B63D90060BECF /* DismissKeyboard.swift */ = {isa = PBXFileReference; lastKnownFileType = sourcecode.swift; path = DismissKeyboard.swift; sourceTree = "<group>"; };
		9502E7AF292B64200060BECF /* WebService.swift */ = {isa = PBXFileReference; lastKnownFileType = sourcecode.swift; path = WebService.swift; sourceTree = "<group>"; };
		9502E7B1292B64C00060BECF /* WebSocketClient.swift */ = {isa = PBXFileReference; lastKnownFileType = sourcecode.swift; path = WebSocketClient.swift; sourceTree = "<group>"; };
		9502E7B5292B65120060BECF /* APIError.swift */ = {isa = PBXFileReference; lastKnownFileType = sourcecode.swift; path = APIError.swift; sourceTree = "<group>"; };
		9502E7B7292B65570060BECF /* OFL.txt */ = {isa = PBXFileReference; fileEncoding = 4; lastKnownFileType = text; path = OFL.txt; sourceTree = "<group>"; };
		9502E7B8292B65570060BECF /* Poppins-ExtraLight.ttf */ = {isa = PBXFileReference; lastKnownFileType = file; path = "Poppins-ExtraLight.ttf"; sourceTree = "<group>"; };
		9502E7B9292B65570060BECF /* Poppins-Thin.ttf */ = {isa = PBXFileReference; lastKnownFileType = file; path = "Poppins-Thin.ttf"; sourceTree = "<group>"; };
		9502E7BA292B65570060BECF /* Poppins-LightItalic.ttf */ = {isa = PBXFileReference; lastKnownFileType = file; path = "Poppins-LightItalic.ttf"; sourceTree = "<group>"; };
		9502E7BB292B65570060BECF /* Poppins-ExtraLightItalic.ttf */ = {isa = PBXFileReference; lastKnownFileType = file; path = "Poppins-ExtraLightItalic.ttf"; sourceTree = "<group>"; };
		9502E7BC292B65570060BECF /* Poppins-Black.ttf */ = {isa = PBXFileReference; lastKnownFileType = file; path = "Poppins-Black.ttf"; sourceTree = "<group>"; };
		9502E7BD292B65570060BECF /* Poppins-ExtraBoldItalic.ttf */ = {isa = PBXFileReference; lastKnownFileType = file; path = "Poppins-ExtraBoldItalic.ttf"; sourceTree = "<group>"; };
		9502E7BE292B65580060BECF /* FontsManager.swift */ = {isa = PBXFileReference; fileEncoding = 4; lastKnownFileType = sourcecode.swift; path = FontsManager.swift; sourceTree = "<group>"; };
		9502E7BF292B65580060BECF /* Poppins-BoldItalic.ttf */ = {isa = PBXFileReference; lastKnownFileType = file; path = "Poppins-BoldItalic.ttf"; sourceTree = "<group>"; };
		9502E7C0292B65580060BECF /* Poppins-Regular.ttf */ = {isa = PBXFileReference; lastKnownFileType = file; path = "Poppins-Regular.ttf"; sourceTree = "<group>"; };
		9502E7C1292B65580060BECF /* Poppins-SemiBoldItalic.ttf */ = {isa = PBXFileReference; lastKnownFileType = file; path = "Poppins-SemiBoldItalic.ttf"; sourceTree = "<group>"; };
		9502E7C2292B65580060BECF /* Poppins-BlackItalic.ttf */ = {isa = PBXFileReference; lastKnownFileType = file; path = "Poppins-BlackItalic.ttf"; sourceTree = "<group>"; };
		9502E7C3292B65580060BECF /* Poppins-Light.ttf */ = {isa = PBXFileReference; lastKnownFileType = file; path = "Poppins-Light.ttf"; sourceTree = "<group>"; };
		9502E7C4292B65580060BECF /* Poppins-Bold.ttf */ = {isa = PBXFileReference; lastKnownFileType = file; path = "Poppins-Bold.ttf"; sourceTree = "<group>"; };
		9502E7C5292B65580060BECF /* Poppins-MediumItalic.ttf */ = {isa = PBXFileReference; lastKnownFileType = file; path = "Poppins-MediumItalic.ttf"; sourceTree = "<group>"; };
		9502E7C6292B65580060BECF /* Poppins-Italic.ttf */ = {isa = PBXFileReference; lastKnownFileType = file; path = "Poppins-Italic.ttf"; sourceTree = "<group>"; };
		9502E7C7292B65580060BECF /* Poppins-Medium.ttf */ = {isa = PBXFileReference; lastKnownFileType = file; path = "Poppins-Medium.ttf"; sourceTree = "<group>"; };
		9502E7C8292B65580060BECF /* Poppins-ExtraBold.ttf */ = {isa = PBXFileReference; lastKnownFileType = file; path = "Poppins-ExtraBold.ttf"; sourceTree = "<group>"; };
		9502E7C9292B65580060BECF /* Poppins-SemiBold.ttf */ = {isa = PBXFileReference; lastKnownFileType = file; path = "Poppins-SemiBold.ttf"; sourceTree = "<group>"; };
		9502E7CA292B65580060BECF /* Poppins-ThinItalic.ttf */ = {isa = PBXFileReference; lastKnownFileType = file; path = "Poppins-ThinItalic.ttf"; sourceTree = "<group>"; };
		9502E7E0292B71D10060BECF /* HomeScreenFeature.swift */ = {isa = PBXFileReference; lastKnownFileType = sourcecode.swift; path = HomeScreenFeature.swift; sourceTree = "<group>"; };
		9502E7E2292B72430060BECF /* SideMenuView.swift */ = {isa = PBXFileReference; lastKnownFileType = sourcecode.swift; path = SideMenuView.swift; sourceTree = "<group>"; };
		9502E7E4292B725B0060BECF /* SideMenuFeature.swift */ = {isa = PBXFileReference; lastKnownFileType = sourcecode.swift; path = SideMenuFeature.swift; sourceTree = "<group>"; };
		9502E7E6292B9A190060BECF /* AcceptRejectButton.swift */ = {isa = PBXFileReference; lastKnownFileType = sourcecode.swift; path = AcceptRejectButton.swift; sourceTree = "<group>"; };
		95732101292CF79400EEE0C7 /* MapFeature.swift */ = {isa = PBXFileReference; lastKnownFileType = sourcecode.swift; path = MapFeature.swift; sourceTree = "<group>"; };
		959684A7292B529A002B58A2 /* AthenaSecurity.app */ = {isa = PBXFileReference; explicitFileType = wrapper.application; includeInIndex = 0; path = AthenaSecurity.app; sourceTree = BUILT_PRODUCTS_DIR; };
		959684AA292B529A002B58A2 /* AthenaSecurityApp.swift */ = {isa = PBXFileReference; lastKnownFileType = sourcecode.swift; path = AthenaSecurityApp.swift; sourceTree = "<group>"; };
		959684AC292B529A002B58A2 /* HomeScreenView.swift */ = {isa = PBXFileReference; lastKnownFileType = sourcecode.swift; path = HomeScreenView.swift; sourceTree = "<group>"; };
		959684AE292B529B002B58A2 /* Assets.xcassets */ = {isa = PBXFileReference; lastKnownFileType = folder.assetcatalog; path = Assets.xcassets; sourceTree = "<group>"; };
		959684B1292B529B002B58A2 /* Preview Assets.xcassets */ = {isa = PBXFileReference; lastKnownFileType = folder.assetcatalog; path = "Preview Assets.xcassets"; sourceTree = "<group>"; };
		959684BD292B54AF002B58A2 /* Info.plist */ = {isa = PBXFileReference; lastKnownFileType = text.plist; path = Info.plist; sourceTree = "<group>"; };
		B3763FAD292BCC0A0091F593 /* EmergencyModel.swift */ = {isa = PBXFileReference; lastKnownFileType = sourcecode.swift; path = EmergencyModel.swift; sourceTree = "<group>"; };
/* End PBXFileReference section */

/* Begin PBXFrameworksBuildPhase section */
		959684A4292B529A002B58A2 /* Frameworks */ = {
			isa = PBXFrameworksBuildPhase;
			buildActionMask = 2147483647;
			files = (
				95872AB72930C3FE0084FC15 /* MapboxNavigation in Frameworks */,
				95872AB52930C3FE0084FC15 /* MapboxCoreNavigation in Frameworks */,
				B3763FAC292BC1650091F593 /* Dependencies in Frameworks */,
				B3763FAA292BC1650091F593 /* ComposableArchitecture in Frameworks */,
				959684C0292B55D9002B58A2 /* MapboxMaps in Frameworks */,
			);
			runOnlyForDeploymentPostprocessing = 0;
		};
/* End PBXFrameworksBuildPhase section */

/* Begin PBXGroup section */
		9502E78A292B5B010060BECF /* Components */ = {
			isa = PBXGroup;
			children = (
				9502E790292B5CF00060BECF /* LoginImage.swift */,
				9502E792292B5D470060BECF /* LoginButton.swift */,
				9502E794292B5D6D0060BECF /* CustomInputField.swift */,
				9502E7E6292B9A190060BECF /* AcceptRejectButton.swift */,
				9502E796292B5DF10060BECF /* CheckBox.swift */,
				9502E798292B5E390060BECF /* PillButton.swift */,
				9502E79A292B5E5B0060BECF /* CancelButton.swift */,
			);
			path = Components;
			sourceTree = "<group>";
		};
		9502E78B292B5B360060BECF /* Authentication */ = {
			isa = PBXGroup;
			children = (
				9502E7A1292B62E50060BECF /* AuthViewModel.swift */,
				9502E7A3292B63090060BECF /* KeychainHelper.swift */,
				9502E7A5292B633A0060BECF /* LoginView.swift */,
			);
			path = Authentication;
			sourceTree = "<group>";
		};
		9502E78C292B5B570060BECF /* ServiceAccept */ = {
			isa = PBXGroup;
			children = (
				9502E7A7292B63770060BECF /* ServiceAcceptFeature.swift */,
				9502E7A9292B63940060BECF /* ServiceAcceptView.swift */,
				B3763FAD292BCC0A0091F593 /* EmergencyModel.swift */,
			);
			path = ServiceAccept;
			sourceTree = "<group>";
		};
		9502E78D292B5B680060BECF /* Extensions */ = {
			isa = PBXGroup;
			children = (
				9502E7AB292B63BC0060BECF /* Color.swift */,
				9502E7AD292B63D90060BECF /* DismissKeyboard.swift */,
			);
			path = Extensions;
			sourceTree = "<group>";
		};
		9502E78E292B5B770060BECF /* Service */ = {
			isa = PBXGroup;
			children = (
				9502E7AF292B64200060BECF /* WebService.swift */,
				9502E7B1292B64C00060BECF /* WebSocketClient.swift */,
				9502E7B5292B65120060BECF /* APIError.swift */,
			);
			path = Service;
			sourceTree = "<group>";
		};
		9502E78F292B5B860060BECF /* Fonts */ = {
			isa = PBXGroup;
			children = (
				9502E7BE292B65580060BECF /* FontsManager.swift */,
				9502E7B7292B65570060BECF /* OFL.txt */,
				9502E7BC292B65570060BECF /* Poppins-Black.ttf */,
				9502E7C2292B65580060BECF /* Poppins-BlackItalic.ttf */,
				9502E7C4292B65580060BECF /* Poppins-Bold.ttf */,
				9502E7BF292B65580060BECF /* Poppins-BoldItalic.ttf */,
				9502E7C8292B65580060BECF /* Poppins-ExtraBold.ttf */,
				9502E7BD292B65570060BECF /* Poppins-ExtraBoldItalic.ttf */,
				9502E7B8292B65570060BECF /* Poppins-ExtraLight.ttf */,
				9502E7BB292B65570060BECF /* Poppins-ExtraLightItalic.ttf */,
				9502E7C6292B65580060BECF /* Poppins-Italic.ttf */,
				9502E7C3292B65580060BECF /* Poppins-Light.ttf */,
				9502E7BA292B65570060BECF /* Poppins-LightItalic.ttf */,
				9502E7C7292B65580060BECF /* Poppins-Medium.ttf */,
				9502E7C5292B65580060BECF /* Poppins-MediumItalic.ttf */,
				9502E7C0292B65580060BECF /* Poppins-Regular.ttf */,
				9502E7C9292B65580060BECF /* Poppins-SemiBold.ttf */,
				9502E7C1292B65580060BECF /* Poppins-SemiBoldItalic.ttf */,
				9502E7B9292B65570060BECF /* Poppins-Thin.ttf */,
				9502E7CA292B65580060BECF /* Poppins-ThinItalic.ttf */,
			);
			path = Fonts;
			sourceTree = "<group>";
		};
		9502E7DF292B66810060BECF /* HomeScreen */ = {
			isa = PBXGroup;
			children = (
				959684AC292B529A002B58A2 /* HomeScreenView.swift */,
				9502E7E0292B71D10060BECF /* HomeScreenFeature.swift */,
			);
			path = HomeScreen;
			sourceTree = "<group>";
		};
		9502E7E8292BA2590060BECF /* Map */ = {
			isa = PBXGroup;
			children = (
				9502E79C292B5E7D0060BECF /* CustomMapView.swift */,
				95732101292CF79400EEE0C7 /* MapFeature.swift */,
			);
			path = Map;
			sourceTree = "<group>";
		};
		9596849E292B529A002B58A2 = {
			isa = PBXGroup;
			children = (
				959684A9292B529A002B58A2 /* AthenaSecurity */,
				959684A8292B529A002B58A2 /* Products */,
			);
			sourceTree = "<group>";
		};
		959684A8292B529A002B58A2 /* Products */ = {
			isa = PBXGroup;
			children = (
				959684A7292B529A002B58A2 /* AthenaSecurity.app */,
			);
			name = Products;
			sourceTree = "<group>";
		};
		959684A9292B529A002B58A2 /* AthenaSecurity */ = {
			isa = PBXGroup;
			children = (
				959684AA292B529A002B58A2 /* AthenaSecurityApp.swift */,
				B3763FAF292BD9C50091F593 /* SideMenu */,
				9502E7DF292B66810060BECF /* HomeScreen */,
				9502E7E8292BA2590060BECF /* Map */,
				9502E78A292B5B010060BECF /* Components */,
				9502E78B292B5B360060BECF /* Authentication */,
				9502E78C292B5B570060BECF /* ServiceAccept */,
				9502E78E292B5B770060BECF /* Service */,
				9502E78D292B5B680060BECF /* Extensions */,
				9502E78F292B5B860060BECF /* Fonts */,
				959684AE292B529B002B58A2 /* Assets.xcassets */,
				959684BD292B54AF002B58A2 /* Info.plist */,
				959684B0292B529B002B58A2 /* Preview Content */,
			);
			path = AthenaSecurity;
			sourceTree = "<group>";
		};
		959684B0292B529B002B58A2 /* Preview Content */ = {
			isa = PBXGroup;
			children = (
				959684B1292B529B002B58A2 /* Preview Assets.xcassets */,
			);
			path = "Preview Content";
			sourceTree = "<group>";
		};
		B3763FAF292BD9C50091F593 /* SideMenu */ = {
			isa = PBXGroup;
			children = (
				9502E7E2292B72430060BECF /* SideMenuView.swift */,
				9502E7E4292B725B0060BECF /* SideMenuFeature.swift */,
			);
			path = SideMenu;
			sourceTree = "<group>";
		};
/* End PBXGroup section */

/* Begin PBXNativeTarget section */
		959684A6292B529A002B58A2 /* AthenaSecurity */ = {
			isa = PBXNativeTarget;
			buildConfigurationList = 959684B5292B529B002B58A2 /* Build configuration list for PBXNativeTarget "AthenaSecurity" */;
			buildPhases = (
				959684A3292B529A002B58A2 /* Sources */,
				959684A4292B529A002B58A2 /* Frameworks */,
				959684A5292B529A002B58A2 /* Resources */,
			);
			buildRules = (
			);
			dependencies = (
			);
			name = AthenaSecurity;
			packageProductDependencies = (
				959684BF292B55D9002B58A2 /* MapboxMaps */,
				B3763FA9292BC1650091F593 /* ComposableArchitecture */,
				B3763FAB292BC1650091F593 /* Dependencies */,
				95872AB42930C3FE0084FC15 /* MapboxCoreNavigation */,
				95872AB62930C3FE0084FC15 /* MapboxNavigation */,
			);
			productName = AthenaSecurity;
			productReference = 959684A7292B529A002B58A2 /* AthenaSecurity.app */;
			productType = "com.apple.product-type.application";
		};
/* End PBXNativeTarget section */

/* Begin PBXProject section */
		9596849F292B529A002B58A2 /* Project object */ = {
			isa = PBXProject;
			attributes = {
				BuildIndependentTargetsInParallel = 1;
				LastSwiftUpdateCheck = 1410;
				LastUpgradeCheck = 1410;
				TargetAttributes = {
					959684A6292B529A002B58A2 = {
						CreatedOnToolsVersion = 14.1;
					};
				};
			};
			buildConfigurationList = 959684A2292B529A002B58A2 /* Build configuration list for PBXProject "AthenaSecurity" */;
			compatibilityVersion = "Xcode 14.0";
			developmentRegion = en;
			hasScannedForEncodings = 0;
			knownRegions = (
				en,
				Base,
			);
			mainGroup = 9596849E292B529A002B58A2;
			packageReferences = (
				959684BE292B55D9002B58A2 /* XCRemoteSwiftPackageReference "mapbox-maps-ios" */,
				B3763FA8292BC1650091F593 /* XCRemoteSwiftPackageReference "swift-composable-architecture" */,
				95872AB32930C3FE0084FC15 /* XCRemoteSwiftPackageReference "mapbox-navigation-ios" */,
			);
			productRefGroup = 959684A8292B529A002B58A2 /* Products */;
			projectDirPath = "";
			projectRoot = "";
			targets = (
				959684A6292B529A002B58A2 /* AthenaSecurity */,
			);
		};
/* End PBXProject section */

/* Begin PBXResourcesBuildPhase section */
		959684A5292B529A002B58A2 /* Resources */ = {
			isa = PBXResourcesBuildPhase;
			buildActionMask = 2147483647;
			files = (
				9502E7D0292B65580060BECF /* Poppins-Black.ttf in Resources */,
				9502E7DA292B65580060BECF /* Poppins-Italic.ttf in Resources */,
				9502E7D9292B65580060BECF /* Poppins-MediumItalic.ttf in Resources */,
				9502E7D6292B65580060BECF /* Poppins-BlackItalic.ttf in Resources */,
				9502E7CC292B65580060BECF /* Poppins-ExtraLight.ttf in Resources */,
				9502E7DD292B65580060BECF /* Poppins-SemiBold.ttf in Resources */,
				9502E7CF292B65580060BECF /* Poppins-ExtraLightItalic.ttf in Resources */,
				9502E7D1292B65580060BECF /* Poppins-ExtraBoldItalic.ttf in Resources */,
				9502E7CE292B65580060BECF /* Poppins-LightItalic.ttf in Resources */,
				9502E7D5292B65580060BECF /* Poppins-SemiBoldItalic.ttf in Resources */,
				9502E7D8292B65580060BECF /* Poppins-Bold.ttf in Resources */,
				9502E7D7292B65580060BECF /* Poppins-Light.ttf in Resources */,
				9502E7DE292B65580060BECF /* Poppins-ThinItalic.ttf in Resources */,
				9502E7DC292B65580060BECF /* Poppins-ExtraBold.ttf in Resources */,
				9502E7CB292B65580060BECF /* OFL.txt in Resources */,
				959684B2292B529B002B58A2 /* Preview Assets.xcassets in Resources */,
				959684AF292B529B002B58A2 /* Assets.xcassets in Resources */,
				9502E7D4292B65580060BECF /* Poppins-Regular.ttf in Resources */,
				9502E7DB292B65580060BECF /* Poppins-Medium.ttf in Resources */,
				9502E7CD292B65580060BECF /* Poppins-Thin.ttf in Resources */,
				9502E7D3292B65580060BECF /* Poppins-BoldItalic.ttf in Resources */,
			);
			runOnlyForDeploymentPostprocessing = 0;
		};
/* End PBXResourcesBuildPhase section */

/* Begin PBXSourcesBuildPhase section */
		959684A3292B529A002B58A2 /* Sources */ = {
			isa = PBXSourcesBuildPhase;
			buildActionMask = 2147483647;
			files = (
				9502E7E3292B72430060BECF /* SideMenuView.swift in Sources */,
				9502E7A2292B62E50060BECF /* AuthViewModel.swift in Sources */,
				9502E795292B5D6D0060BECF /* CustomInputField.swift in Sources */,
				9502E7A8292B63770060BECF /* ServiceAcceptFeature.swift in Sources */,
				959684AD292B529A002B58A2 /* HomeScreenView.swift in Sources */,
				9502E7B0292B64200060BECF /* WebService.swift in Sources */,
				9502E797292B5DF10060BECF /* CheckBox.swift in Sources */,
				9502E793292B5D470060BECF /* LoginButton.swift in Sources */,
				9502E7E7292B9A190060BECF /* AcceptRejectButton.swift in Sources */,
				9502E7A4292B63090060BECF /* KeychainHelper.swift in Sources */,
				9502E7A6292B633A0060BECF /* LoginView.swift in Sources */,
				9502E7AC292B63BC0060BECF /* Color.swift in Sources */,
				959684AB292B529A002B58A2 /* AthenaSecurityApp.swift in Sources */,
				9502E7D2292B65580060BECF /* FontsManager.swift in Sources */,
				9502E7E5292B725B0060BECF /* SideMenuFeature.swift in Sources */,
				9502E791292B5CF00060BECF /* LoginImage.swift in Sources */,
				9502E7B6292B65120060BECF /* APIError.swift in Sources */,
				9502E7AA292B63940060BECF /* ServiceAcceptView.swift in Sources */,
				95732102292CF79400EEE0C7 /* MapFeature.swift in Sources */,
				9502E799292B5E390060BECF /* PillButton.swift in Sources */,
				9502E7E1292B71D10060BECF /* HomeScreenFeature.swift in Sources */,
				9502E7B2292B64C00060BECF /* WebSocketClient.swift in Sources */,
				9502E7AE292B63D90060BECF /* DismissKeyboard.swift in Sources */,
				B3763FAE292BCC0A0091F593 /* EmergencyModel.swift in Sources */,
				9502E79D292B5E7E0060BECF /* CustomMapView.swift in Sources */,
				9502E79B292B5E5B0060BECF /* CancelButton.swift in Sources */,
			);
			runOnlyForDeploymentPostprocessing = 0;
		};
/* End PBXSourcesBuildPhase section */

/* Begin XCBuildConfiguration section */
		959684B3292B529B002B58A2 /* Debug */ = {
			isa = XCBuildConfiguration;
			buildSettings = {
				ALWAYS_SEARCH_USER_PATHS = NO;
				CLANG_ANALYZER_NONNULL = YES;
				CLANG_ANALYZER_NUMBER_OBJECT_CONVERSION = YES_AGGRESSIVE;
				CLANG_CXX_LANGUAGE_STANDARD = "gnu++20";
				CLANG_ENABLE_MODULES = YES;
				CLANG_ENABLE_OBJC_ARC = YES;
				CLANG_ENABLE_OBJC_WEAK = YES;
				CLANG_WARN_BLOCK_CAPTURE_AUTORELEASING = YES;
				CLANG_WARN_BOOL_CONVERSION = YES;
				CLANG_WARN_COMMA = YES;
				CLANG_WARN_CONSTANT_CONVERSION = YES;
				CLANG_WARN_DEPRECATED_OBJC_IMPLEMENTATIONS = YES;
				CLANG_WARN_DIRECT_OBJC_ISA_USAGE = YES_ERROR;
				CLANG_WARN_DOCUMENTATION_COMMENTS = YES;
				CLANG_WARN_EMPTY_BODY = YES;
				CLANG_WARN_ENUM_CONVERSION = YES;
				CLANG_WARN_INFINITE_RECURSION = YES;
				CLANG_WARN_INT_CONVERSION = YES;
				CLANG_WARN_NON_LITERAL_NULL_CONVERSION = YES;
				CLANG_WARN_OBJC_IMPLICIT_RETAIN_SELF = YES;
				CLANG_WARN_OBJC_LITERAL_CONVERSION = YES;
				CLANG_WARN_OBJC_ROOT_CLASS = YES_ERROR;
				CLANG_WARN_QUOTED_INCLUDE_IN_FRAMEWORK_HEADER = YES;
				CLANG_WARN_RANGE_LOOP_ANALYSIS = YES;
				CLANG_WARN_STRICT_PROTOTYPES = YES;
				CLANG_WARN_SUSPICIOUS_MOVE = YES;
				CLANG_WARN_UNGUARDED_AVAILABILITY = YES_AGGRESSIVE;
				CLANG_WARN_UNREACHABLE_CODE = YES;
				CLANG_WARN__DUPLICATE_METHOD_MATCH = YES;
				COPY_PHASE_STRIP = NO;
				DEBUG_INFORMATION_FORMAT = dwarf;
				ENABLE_STRICT_OBJC_MSGSEND = YES;
				ENABLE_TESTABILITY = YES;
				GCC_C_LANGUAGE_STANDARD = gnu11;
				GCC_DYNAMIC_NO_PIC = NO;
				GCC_NO_COMMON_BLOCKS = YES;
				GCC_OPTIMIZATION_LEVEL = 0;
				GCC_PREPROCESSOR_DEFINITIONS = (
					"DEBUG=1",
					"$(inherited)",
				);
				GCC_WARN_64_TO_32_BIT_CONVERSION = YES;
				GCC_WARN_ABOUT_RETURN_TYPE = YES_ERROR;
				GCC_WARN_UNDECLARED_SELECTOR = YES;
				GCC_WARN_UNINITIALIZED_AUTOS = YES_AGGRESSIVE;
				GCC_WARN_UNUSED_FUNCTION = YES;
				GCC_WARN_UNUSED_VARIABLE = YES;
				IPHONEOS_DEPLOYMENT_TARGET = 14.0;
				MTL_ENABLE_DEBUG_INFO = INCLUDE_SOURCE;
				MTL_FAST_MATH = YES;
				ONLY_ACTIVE_ARCH = YES;
				SDKROOT = iphoneos;
				SWIFT_ACTIVE_COMPILATION_CONDITIONS = DEBUG;
				SWIFT_OPTIMIZATION_LEVEL = "-Onone";
			};
			name = Debug;
		};
		959684B4292B529B002B58A2 /* Release */ = {
			isa = XCBuildConfiguration;
			buildSettings = {
				ALWAYS_SEARCH_USER_PATHS = NO;
				CLANG_ANALYZER_NONNULL = YES;
				CLANG_ANALYZER_NUMBER_OBJECT_CONVERSION = YES_AGGRESSIVE;
				CLANG_CXX_LANGUAGE_STANDARD = "gnu++20";
				CLANG_ENABLE_MODULES = YES;
				CLANG_ENABLE_OBJC_ARC = YES;
				CLANG_ENABLE_OBJC_WEAK = YES;
				CLANG_WARN_BLOCK_CAPTURE_AUTORELEASING = YES;
				CLANG_WARN_BOOL_CONVERSION = YES;
				CLANG_WARN_COMMA = YES;
				CLANG_WARN_CONSTANT_CONVERSION = YES;
				CLANG_WARN_DEPRECATED_OBJC_IMPLEMENTATIONS = YES;
				CLANG_WARN_DIRECT_OBJC_ISA_USAGE = YES_ERROR;
				CLANG_WARN_DOCUMENTATION_COMMENTS = YES;
				CLANG_WARN_EMPTY_BODY = YES;
				CLANG_WARN_ENUM_CONVERSION = YES;
				CLANG_WARN_INFINITE_RECURSION = YES;
				CLANG_WARN_INT_CONVERSION = YES;
				CLANG_WARN_NON_LITERAL_NULL_CONVERSION = YES;
				CLANG_WARN_OBJC_IMPLICIT_RETAIN_SELF = YES;
				CLANG_WARN_OBJC_LITERAL_CONVERSION = YES;
				CLANG_WARN_OBJC_ROOT_CLASS = YES_ERROR;
				CLANG_WARN_QUOTED_INCLUDE_IN_FRAMEWORK_HEADER = YES;
				CLANG_WARN_RANGE_LOOP_ANALYSIS = YES;
				CLANG_WARN_STRICT_PROTOTYPES = YES;
				CLANG_WARN_SUSPICIOUS_MOVE = YES;
				CLANG_WARN_UNGUARDED_AVAILABILITY = YES_AGGRESSIVE;
				CLANG_WARN_UNREACHABLE_CODE = YES;
				CLANG_WARN__DUPLICATE_METHOD_MATCH = YES;
				COPY_PHASE_STRIP = NO;
				DEBUG_INFORMATION_FORMAT = "dwarf-with-dsym";
				ENABLE_NS_ASSERTIONS = NO;
				ENABLE_STRICT_OBJC_MSGSEND = YES;
				GCC_C_LANGUAGE_STANDARD = gnu11;
				GCC_NO_COMMON_BLOCKS = YES;
				GCC_WARN_64_TO_32_BIT_CONVERSION = YES;
				GCC_WARN_ABOUT_RETURN_TYPE = YES_ERROR;
				GCC_WARN_UNDECLARED_SELECTOR = YES;
				GCC_WARN_UNINITIALIZED_AUTOS = YES_AGGRESSIVE;
				GCC_WARN_UNUSED_FUNCTION = YES;
				GCC_WARN_UNUSED_VARIABLE = YES;
				IPHONEOS_DEPLOYMENT_TARGET = 14.0;
				MTL_ENABLE_DEBUG_INFO = NO;
				MTL_FAST_MATH = YES;
				SDKROOT = iphoneos;
				SWIFT_COMPILATION_MODE = wholemodule;
				SWIFT_OPTIMIZATION_LEVEL = "-O";
				VALIDATE_PRODUCT = YES;
			};
			name = Release;
		};
		959684B6292B529B002B58A2 /* Debug */ = {
			isa = XCBuildConfiguration;
			buildSettings = {
				ASSETCATALOG_COMPILER_APPICON_NAME = AppIcon;
				ASSETCATALOG_COMPILER_GLOBAL_ACCENT_COLOR_NAME = AccentColor;
				ASSETCATALOG_COMPILER_INCLUDE_ALL_APPICON_ASSETS = YES;
				CODE_SIGN_STYLE = Automatic;
				CURRENT_PROJECT_VERSION = 1;
				DEVELOPMENT_ASSET_PATHS = "\"AthenaSecurity/Preview Content\"";
				DEVELOPMENT_TEAM = 75KLTK97UQ;
				ENABLE_PREVIEWS = YES;
				GENERATE_INFOPLIST_FILE = YES;
				INFOPLIST_FILE = AthenaSecurity/Info.plist;
				INFOPLIST_KEY_CFBundleDisplayName = "Athena Security";
				INFOPLIST_KEY_LSApplicationCategoryType = "public.app-category.medical";
				INFOPLIST_KEY_UIApplicationSceneManifest_Generation = YES;
				INFOPLIST_KEY_UIApplicationSupportsIndirectInputEvents = YES;
				INFOPLIST_KEY_UILaunchScreen_Generation = YES;
				INFOPLIST_KEY_UIRequiresFullScreen = YES;
				INFOPLIST_KEY_UISupportedInterfaceOrientations = UIInterfaceOrientationPortrait;
				IPHONEOS_DEPLOYMENT_TARGET = 14.0;
				LD_RUNPATH_SEARCH_PATHS = (
					"$(inherited)",
					"@executable_path/Frameworks",
				);
				MARKETING_VERSION = 1.0;
				PRODUCT_BUNDLE_IDENTIFIER = "com.athena-io.AthenaSecurity";
				PRODUCT_NAME = "$(TARGET_NAME)";
				SUPPORTED_PLATFORMS = "iphoneos iphonesimulator";
				SUPPORTS_MACCATALYST = NO;
				SUPPORTS_MAC_DESIGNED_FOR_IPHONE_IPAD = NO;
				SWIFT_EMIT_LOC_STRINGS = YES;
				SWIFT_VERSION = 5.0;
				TARGETED_DEVICE_FAMILY = "1,2";
			};
			name = Debug;
		};
		959684B7292B529B002B58A2 /* Release */ = {
			isa = XCBuildConfiguration;
			buildSettings = {
				ASSETCATALOG_COMPILER_APPICON_NAME = AppIcon;
				ASSETCATALOG_COMPILER_GLOBAL_ACCENT_COLOR_NAME = AccentColor;
				ASSETCATALOG_COMPILER_INCLUDE_ALL_APPICON_ASSETS = YES;
				CODE_SIGN_STYLE = Automatic;
				CURRENT_PROJECT_VERSION = 1;
				DEVELOPMENT_ASSET_PATHS = "\"AthenaSecurity/Preview Content\"";
				DEVELOPMENT_TEAM = 75KLTK97UQ;
				ENABLE_PREVIEWS = YES;
				GENERATE_INFOPLIST_FILE = YES;
				INFOPLIST_FILE = AthenaSecurity/Info.plist;
				INFOPLIST_KEY_CFBundleDisplayName = "Athena Security";
				INFOPLIST_KEY_LSApplicationCategoryType = "public.app-category.medical";
				INFOPLIST_KEY_UIApplicationSceneManifest_Generation = YES;
				INFOPLIST_KEY_UIApplicationSupportsIndirectInputEvents = YES;
				INFOPLIST_KEY_UILaunchScreen_Generation = YES;
				INFOPLIST_KEY_UIRequiresFullScreen = YES;
				INFOPLIST_KEY_UISupportedInterfaceOrientations = UIInterfaceOrientationPortrait;
				IPHONEOS_DEPLOYMENT_TARGET = 14.0;
				LD_RUNPATH_SEARCH_PATHS = (
					"$(inherited)",
					"@executable_path/Frameworks",
				);
				MARKETING_VERSION = 1.0;
				PRODUCT_BUNDLE_IDENTIFIER = "com.athena-io.AthenaSecurity";
				PRODUCT_NAME = "$(TARGET_NAME)";
				SUPPORTED_PLATFORMS = "iphoneos iphonesimulator";
				SUPPORTS_MACCATALYST = NO;
				SUPPORTS_MAC_DESIGNED_FOR_IPHONE_IPAD = NO;
				SWIFT_EMIT_LOC_STRINGS = YES;
				SWIFT_VERSION = 5.0;
				TARGETED_DEVICE_FAMILY = "1,2";
			};
			name = Release;
		};
/* End XCBuildConfiguration section */

/* Begin XCConfigurationList section */
		959684A2292B529A002B58A2 /* Build configuration list for PBXProject "AthenaSecurity" */ = {
			isa = XCConfigurationList;
			buildConfigurations = (
				959684B3292B529B002B58A2 /* Debug */,
				959684B4292B529B002B58A2 /* Release */,
			);
			defaultConfigurationIsVisible = 0;
			defaultConfigurationName = Release;
		};
		959684B5292B529B002B58A2 /* Build configuration list for PBXNativeTarget "AthenaSecurity" */ = {
			isa = XCConfigurationList;
			buildConfigurations = (
				959684B6292B529B002B58A2 /* Debug */,
				959684B7292B529B002B58A2 /* Release */,
			);
			defaultConfigurationIsVisible = 0;
			defaultConfigurationName = Release;
		};
/* End XCConfigurationList section */

/* Begin XCRemoteSwiftPackageReference section */
		95872AB32930C3FE0084FC15 /* XCRemoteSwiftPackageReference "mapbox-navigation-ios" */ = {
			isa = XCRemoteSwiftPackageReference;
			repositoryURL = "https://github.com/mapbox/mapbox-navigation-ios.git";
			requirement = {
				branch = main;
				kind = branch;
			};
		};
		959684BE292B55D9002B58A2 /* XCRemoteSwiftPackageReference "mapbox-maps-ios" */ = {
			isa = XCRemoteSwiftPackageReference;
			repositoryURL = "https://github.com/mapbox/mapbox-maps-ios.git";
			requirement = {
				branch = main;
				kind = branch;
			};
		};
		B3763FA8292BC1650091F593 /* XCRemoteSwiftPackageReference "swift-composable-architecture" */ = {
			isa = XCRemoteSwiftPackageReference;
			repositoryURL = "https://github.com/pointfreeco/swift-composable-architecture";
			requirement = {
				branch = main;
				kind = branch;
			};
		};
/* End XCRemoteSwiftPackageReference section */

/* Begin XCSwiftPackageProductDependency section */
		95872AB42930C3FE0084FC15 /* MapboxCoreNavigation */ = {
			isa = XCSwiftPackageProductDependency;
			package = 95872AB32930C3FE0084FC15 /* XCRemoteSwiftPackageReference "mapbox-navigation-ios" */;
			productName = MapboxCoreNavigation;
		};
		95872AB62930C3FE0084FC15 /* MapboxNavigation */ = {
			isa = XCSwiftPackageProductDependency;
			package = 95872AB32930C3FE0084FC15 /* XCRemoteSwiftPackageReference "mapbox-navigation-ios" */;
			productName = MapboxNavigation;
		};
		959684BF292B55D9002B58A2 /* MapboxMaps */ = {
			isa = XCSwiftPackageProductDependency;
			package = 959684BE292B55D9002B58A2 /* XCRemoteSwiftPackageReference "mapbox-maps-ios" */;
			productName = MapboxMaps;
		};
		B3763FA9292BC1650091F593 /* ComposableArchitecture */ = {
			isa = XCSwiftPackageProductDependency;
			package = B3763FA8292BC1650091F593 /* XCRemoteSwiftPackageReference "swift-composable-architecture" */;
			productName = ComposableArchitecture;
		};
		B3763FAB292BC1650091F593 /* Dependencies */ = {
			isa = XCSwiftPackageProductDependency;
			package = B3763FA8292BC1650091F593 /* XCRemoteSwiftPackageReference "swift-composable-architecture" */;
			productName = Dependencies;
		};
/* End XCSwiftPackageProductDependency section */
	};
	rootObject = 9596849F292B529A002B58A2 /* Project object */;
}
